// !$*UTF8*$!
{
	archiveVersion = 1;
	classes = {
	};
	objectVersion = 46;
	objects = {

/* Begin PBXBuildFile section */
		B93B1C8E1BEDC7D7009C86FA /* main.m in Sources */ = {isa = PBXBuildFile; fileRef = B93B1C8D1BEDC7D7009C86FA /* main.m */; };
		B93B1C911BEDC7D7009C86FA /* AppDelegate.m in Sources */ = {isa = PBXBuildFile; fileRef = B93B1C901BEDC7D7009C86FA /* AppDelegate.m */; };
		B93B1C971BEDC7D7009C86FA /* Main.storyboard in Resources */ = {isa = PBXBuildFile; fileRef = B93B1C951BEDC7D7009C86FA /* Main.storyboard */; };
		B93B1C991BEDC7D7009C86FA /* Assets.xcassets in Resources */ = {isa = PBXBuildFile; fileRef = B93B1C981BEDC7D7009C86FA /* Assets.xcassets */; };
		B93B1C9C1BEDC7D7009C86FA /* LaunchScreen.storyboard in Resources */ = {isa = PBXBuildFile; fileRef = B93B1C9A1BEDC7D7009C86FA /* LaunchScreen.storyboard */; };
		B93B1CA51BEDC916009C86FA /* FirstViewController.m in Sources */ = {isa = PBXBuildFile; fileRef = B93B1CA41BEDC916009C86FA /* FirstViewController.m */; };
		B93B1CA81BEDC921009C86FA /* SeondViewController.m in Sources */ = {isa = PBXBuildFile; fileRef = B93B1CA71BEDC921009C86FA /* SeondViewController.m */; };
		B93B1CAA1BEDC982009C86FA /* First.html in Resources */ = {isa = PBXBuildFile; fileRef = B93B1CA91BEDC982009C86FA /* First.html */; };
		B93B1CAC1BEDC9B8009C86FA /* Second.html in Resources */ = {isa = PBXBuildFile; fileRef = B93B1CAB1BEDC9B8009C86FA /* Second.html */; };
		B93B1CAE1BEDD131009C86FA /* JavaScriptCore.framework in Frameworks */ = {isa = PBXBuildFile; fileRef = B93B1CAD1BEDD131009C86FA /* JavaScriptCore.framework */; };
		B99434BE1BF24B27005579DD /* Simulator Screen 21.png in Resources */ = {isa = PBXBuildFile; fileRef = B99434BA1BF24B27005579DD /* Simulator Screen 21.png */; };
		B99434BF1BF24B27005579DD /* Simulator Screen 11.png in Resources */ = {isa = PBXBuildFile; fileRef = B99434BB1BF24B27005579DD /* Simulator Screen 11.png */; };
		B99434C01BF24B27005579DD /* Simulator Screen 12.png in Resources */ = {isa = PBXBuildFile; fileRef = B99434BC1BF24B27005579DD /* Simulator Screen 12.png */; };
		B99434C11BF24B27005579DD /* Simulator Screen 22.png in Resources */ = {isa = PBXBuildFile; fileRef = B99434BD1BF24B27005579DD /* Simulator Screen 22.png */; };
/* End PBXBuildFile section */

/* Begin PBXFileReference section */
		B93B1C891BEDC7D7009C86FA /* JS_OC.app */ = {isa = PBXFileReference; explicitFileType = wrapper.application; includeInIndex = 0; path = JS_OC.app; sourceTree = BUILT_PRODUCTS_DIR; };
		B93B1C8D1BEDC7D7009C86FA /* main.m */ = {isa = PBXFileReference; lastKnownFileType = sourcecode.c.objc; path = main.m; sourceTree = "<group>"; };
		B93B1C8F1BEDC7D7009C86FA /* AppDelegate.h */ = {isa = PBXFileReference; lastKnownFileType = sourcecode.c.h; path = AppDelegate.h; sourceTree = "<group>"; };
		B93B1C901BEDC7D7009C86FA /* AppDelegate.m */ = {isa = PBXFileReference; lastKnownFileType = sourcecode.c.objc; path = AppDelegate.m; sourceTree = "<group>"; };
		B93B1C961BEDC7D7009C86FA /* Base */ = {isa = PBXFileReference; lastKnownFileType = file.storyboard; name = Base; path = Base.lproj/Main.storyboard; sourceTree = "<group>"; };
		B93B1C981BEDC7D7009C86FA /* Assets.xcassets */ = {isa = PBXFileReference; lastKnownFileType = folder.assetcatalog; path = Assets.xcassets; sourceTree = "<group>"; };
		B93B1C9B1BEDC7D7009C86FA /* Base */ = {isa = PBXFileReference; lastKnownFileType = file.storyboard; name = Base; path = Base.lproj/LaunchScreen.storyboard; sourceTree = "<group>"; };
		B93B1C9D1BEDC7D8009C86FA /* Info.plist */ = {isa = PBXFileReference; lastKnownFileType = text.plist.xml; path = Info.plist; sourceTree = "<group>"; };
		B93B1CA31BEDC916009C86FA /* FirstViewController.h */ = {isa = PBXFileReference; fileEncoding = 4; lastKnownFileType = sourcecode.c.h; path = FirstViewController.h; sourceTree = "<group>"; };
		B93B1CA41BEDC916009C86FA /* FirstViewController.m */ = {isa = PBXFileReference; fileEncoding = 4; lastKnownFileType = sourcecode.c.objc; path = FirstViewController.m; sourceTree = "<group>"; };
		B93B1CA61BEDC921009C86FA /* SeondViewController.h */ = {isa = PBXFileReference; fileEncoding = 4; lastKnownFileType = sourcecode.c.h; path = SeondViewController.h; sourceTree = "<group>"; };
		B93B1CA71BEDC921009C86FA /* SeondViewController.m */ = {isa = PBXFileReference; fileEncoding = 4; lastKnownFileType = sourcecode.c.objc; path = SeondViewController.m; sourceTree = "<group>"; };
		B93B1CA91BEDC982009C86FA /* First.html */ = {isa = PBXFileReference; fileEncoding = 4; lastKnownFileType = text.html; path = First.html; sourceTree = "<group>"; };
		B93B1CAB1BEDC9B8009C86FA /* Second.html */ = {isa = PBXFileReference; fileEncoding = 4; lastKnownFileType = text.html; path = Second.html; sourceTree = "<group>"; };
		B93B1CAD1BEDD131009C86FA /* JavaScriptCore.framework */ = {isa = PBXFileReference; lastKnownFileType = wrapper.framework; name = JavaScriptCore.framework; path = System/Library/Frameworks/JavaScriptCore.framework; sourceTree = SDKROOT; };
		B99434BA1BF24B27005579DD /* Simulator Screen 21.png */ = {isa = PBXFileReference; lastKnownFileType = image.png; path = "Simulator Screen 21.png"; sourceTree = "<group>"; };
		B99434BB1BF24B27005579DD /* Simulator Screen 11.png */ = {isa = PBXFileReference; lastKnownFileType = image.png; path = "Simulator Screen 11.png"; sourceTree = "<group>"; };
		B99434BC1BF24B27005579DD /* Simulator Screen 12.png */ = {isa = PBXFileReference; lastKnownFileType = image.png; path = "Simulator Screen 12.png"; sourceTree = "<group>"; };
		B99434BD1BF24B27005579DD /* Simulator Screen 22.png */ = {isa = PBXFileReference; lastKnownFileType = image.png; path = "Simulator Screen 22.png"; sourceTree = "<group>"; };
/* End PBXFileReference section */

/* Begin PBXFrameworksBuildPhase section */
		B93B1C861BEDC7D7009C86FA /* Frameworks */ = {
			isa = PBXFrameworksBuildPhase;
			buildActionMask = 2147483647;
			files = (
				B93B1CAE1BEDD131009C86FA /* JavaScriptCore.framework in Frameworks */,
			);
			runOnlyForDeploymentPostprocessing = 0;
		};
/* End PBXFrameworksBuildPhase section */

/* Begin PBXGroup section */
		B93B1C801BEDC7D7009C86FA = {
			isa = PBXGroup;
			children = (
				B99434BB1BF24B27005579DD /* Simulator Screen 11.png */,
				B99434BC1BF24B27005579DD /* Simulator Screen 12.png */,
				B99434BA1BF24B27005579DD /* Simulator Screen 21.png */,
				B99434BD1BF24B27005579DD /* Simulator Screen 22.png */,
				B93B1CAD1BEDD131009C86FA /* JavaScriptCore.framework */,
				B93B1C8B1BEDC7D7009C86FA /* JS_OC */,
				B93B1C8A1BEDC7D7009C86FA /* Products */,
			);
			sourceTree = "<group>";
		};
		B93B1C8A1BEDC7D7009C86FA /* Products */ = {
			isa = PBXGroup;
			children = (
				B93B1C891BEDC7D7009C86FA /* JS_OC.app */,
			);
			name = Products;
			sourceTree = "<group>";
		};
		B93B1C8B1BEDC7D7009C86FA /* JS_OC */ = {
			isa = PBXGroup;
			children = (
				B93B1C8F1BEDC7D7009C86FA /* AppDelegate.h */,
				B93B1C901BEDC7D7009C86FA /* AppDelegate.m */,
				B93B1CA31BEDC916009C86FA /* FirstViewController.h */,
				B93B1CA41BEDC916009C86FA /* FirstViewController.m */,
				B93B1CA91BEDC982009C86FA /* First.html */,
				B93B1CA61BEDC921009C86FA /* SeondViewController.h */,
				B93B1CA71BEDC921009C86FA /* SeondViewController.m */,
				B93B1CAB1BEDC9B8009C86FA /* Second.html */,
				B93B1C951BEDC7D7009C86FA /* Main.storyboard */,
				B93B1C981BEDC7D7009C86FA /* Assets.xcassets */,
				B93B1C9A1BEDC7D7009C86FA /* LaunchScreen.storyboard */,
				B93B1C9D1BEDC7D8009C86FA /* Info.plist */,
				B93B1C8C1BEDC7D7009C86FA /* Supporting Files */,
			);
			path = JS_OC;
			sourceTree = "<group>";
		};
		B93B1C8C1BEDC7D7009C86FA /* Supporting Files */ = {
			isa = PBXGroup;
			children = (
				B93B1C8D1BEDC7D7009C86FA /* main.m */,
			);
			name = "Supporting Files";
			sourceTree = "<group>";
		};
/* End PBXGroup section */

/* Begin PBXNativeTarget section */
		B93B1C881BEDC7D7009C86FA /* JS_OC */ = {
			isa = PBXNativeTarget;
			buildConfigurationList = B93B1CA01BEDC7D8009C86FA /* Build configuration list for PBXNativeTarget "JS_OC" */;
			buildPhases = (
				B93B1C851BEDC7D7009C86FA /* Sources */,
				B93B1C861BEDC7D7009C86FA /* Frameworks */,
				B93B1C871BEDC7D7009C86FA /* Resources */,
			);
			buildRules = (
			);
			dependencies = (
			);
			name = JS_OC;
			productName = JS_OC;
			productReference = B93B1C891BEDC7D7009C86FA /* JS_OC.app */;
			productType = "com.apple.product-type.application";
		};
/* End PBXNativeTarget section */

/* Begin PBXProject section */
		B93B1C811BEDC7D7009C86FA /* Project object */ = {
			isa = PBXProject;
			attributes = {
				LastUpgradeCheck = 0710;
				ORGANIZATIONNAME = Halley;
				TargetAttributes = {
					B93B1C881BEDC7D7009C86FA = {
						CreatedOnToolsVersion = 7.1;
					};
				};
			};
			buildConfigurationList = B93B1C841BEDC7D7009C86FA /* Build configuration list for PBXProject "JS_OC" */;
			compatibilityVersion = "Xcode 3.2";
			developmentRegion = English;
			hasScannedForEncodings = 0;
			knownRegions = (
				en,
				Base,
			);
			mainGroup = B93B1C801BEDC7D7009C86FA;
			productRefGroup = B93B1C8A1BEDC7D7009C86FA /* Products */;
			projectDirPath = "";
			projectRoot = "";
			targets = (
				B93B1C881BEDC7D7009C86FA /* JS_OC */,
			);
		};
/* End PBXProject section */

/* Begin PBXResourcesBuildPhase section */
		B93B1C871BEDC7D7009C86FA /* Resources */ = {
			isa = PBXResourcesBuildPhase;
			buildActionMask = 2147483647;
			files = (
				B93B1C9C1BEDC7D7009C86FA /* LaunchScreen.storyboard in Resources */,
				B93B1CAA1BEDC982009C86FA /* First.html in Resources */,
				B93B1C991BEDC7D7009C86FA /* Assets.xcassets in Resources */,
				B93B1C971BEDC7D7009C86FA /* Main.storyboard in Resources */,
				B99434BF1BF24B27005579DD /* Simulator Screen 11.png in Resources */,
				B99434C11BF24B27005579DD /* Simulator Screen 22.png in Resources */,
				B99434C01BF24B27005579DD /* Simulator Screen 12.png in Resources */,
				B93B1CAC1BEDC9B8009C86FA /* Second.html in Resources */,
				B99434BE1BF24B27005579DD /* Simulator Screen 21.png in Resources */,
			);
			runOnlyForDeploymentPostprocessing = 0;
		};
/* End PBXResourcesBuildPhase section */

/* Begin PBXSourcesBuildPhase section */
		B93B1C851BEDC7D7009C86FA /* Sources */ = {
			isa = PBXSourcesBuildPhase;
			buildActionMask = 2147483647;
			files = (
				B93B1CA81BEDC921009C86FA /* SeondViewController.m in Sources */,
				B93B1C911BEDC7D7009C86FA /* AppDelegate.m in Sources */,
				B93B1CA51BEDC916009C86FA /* FirstViewController.m in Sources */,
				B93B1C8E1BEDC7D7009C86FA /* main.m in Sources */,
			);
			runOnlyForDeploymentPostprocessing = 0;
		};
/* End PBXSourcesBuildPhase section */

/* Begin PBXVariantGroup section */
		B93B1C951BEDC7D7009C86FA /* Main.storyboard */ = {
			isa = PBXVariantGroup;
			children = (
				B93B1C961BEDC7D7009C86FA /* Base */,
			);
			name = Main.storyboard;
			sourceTree = "<group>";
		};
		B93B1C9A1BEDC7D7009C86FA /* LaunchScreen.storyboard */ = {
			isa = PBXVariantGroup;
			children = (
				B93B1C9B1BEDC7D7009C86FA /* Base */,
			);
			name = LaunchScreen.storyboard;
			sourceTree = "<group>";
		};
/* End PBXVariantGroup section */

/* Begin XCBuildConfiguration section */
		B93B1C9E1BEDC7D8009C86FA /* Debug */ = {
			isa = XCBuildConfiguration;
			buildSettings = {
				ALWAYS_SEARCH_USER_PATHS = NO;
				CLANG_CXX_LANGUAGE_STANDARD = "gnu++0x";
				CLANG_CXX_LIBRARY = "libc++";
				CLANG_ENABLE_MODULES = YES;
				CLANG_ENABLE_OBJC_ARC = YES;
				CLANG_WARN_BOOL_CONVERSION = YES;
				CLANG_WARN_CONSTANT_CONVERSION = YES;
				CLANG_WARN_DIRECT_OBJC_ISA_USAGE = YES_ERROR;
				CLANG_WARN_EMPTY_BODY = YES;
				CLANG_WARN_ENUM_CONVERSION = YES;
				CLANG_WARN_INT_CONVERSION = YES;
				CLANG_WARN_OBJC_ROOT_CLASS = YES_ERROR;
				CLANG_WARN_UNREACHABLE_CODE = YES;
				CLANG_WARN__DUPLICATE_METHOD_MATCH = YES;
				"CODE_SIGN_IDENTITY[sdk=iphoneos*]" = "iPhone Developer";
				COPY_PHASE_STRIP = NO;
				DEBUG_INFORMATION_FORMAT = dwarf;
				ENABLE_STRICT_OBJC_MSGSEND = YES;
				ENABLE_TESTABILITY = YES;
				GCC_C_LANGUAGE_STANDARD = gnu99;
				GCC_DYNAMIC_NO_PIC = NO;
				GCC_NO_COMMON_BLOCKS = YES;
				GCC_OPTIMIZATION_LEVEL = 0;
				GCC_PREPROCESSOR_DEFINITIONS = (
					"DEBUG=1",
					"$(inherited)",
				);
				GCC_WARN_64_TO_32_BIT_CONVERSION = YES;
				GCC_WARN_ABOUT_RETURN_TYPE = YES_ERROR;
				GCC_WARN_UNDECLARED_SELECTOR = YES;
				GCC_WARN_UNINITIALIZED_AUTOS = YES_AGGRESSIVE;
				GCC_WARN_UNUSED_FUNCTION = YES;
				GCC_WARN_UNUSED_VARIABLE = YES;
				IPHONEOS_DEPLOYMENT_TARGET = 7.0;
				MTL_ENABLE_DEBUG_INFO = YES;
				ONLY_ACTIVE_ARCH = YES;
				SDKROOT = iphoneos;
			};
			name = Debug;
		};
		B93B1C9F1BEDC7D8009C86FA /* Release */ = {
			isa = XCBuildConfiguration;
			buildSettings = {
				ALWAYS_SEARCH_USER_PATHS = NO;
				CLANG_CXX_LANGUAGE_STANDARD = "gnu++0x";
				CLANG_CXX_LIBRARY = "libc++";
				CLANG_ENABLE_MODULES = YES;
				CLANG_ENABLE_OBJC_ARC = YES;
				CLANG_WARN_BOOL_CONVERSION = YES;
				CLANG_WARN_CONSTANT_CONVERSION = YES;
				CLANG_WARN_DIRECT_OBJC_ISA_USAGE = YES_ERROR;
				CLANG_WARN_EMPTY_BODY = YES;
				CLANG_WARN_ENUM_CONVERSION = YES;
				CLANG_WARN_INT_CONVERSION = YES;
				CLANG_WARN_OBJC_ROOT_CLASS = YES_ERROR;
				CLANG_WARN_UNREACHABLE_CODE = YES;
				CLANG_WARN__DUPLICATE_METHOD_MATCH = YES;
				"CODE_SIGN_IDENTITY[sdk=iphoneos*]" = "iPhone Developer";
				COPY_PHASE_STRIP = NO;
				DEBUG_INFORMATION_FORMAT = "dwarf-with-dsym";
				ENABLE_NS_ASSERTIONS = NO;
				ENABLE_STRICT_OBJC_MSGSEND = YES;
				GCC_C_LANGUAGE_STANDARD = gnu99;
				GCC_NO_COMMON_BLOCKS = YES;
				GCC_WARN_64_TO_32_BIT_CONVERSION = YES;
				GCC_WARN_ABOUT_RETURN_TYPE = YES_ERROR;
				GCC_WARN_UNDECLARED_SELECTOR = YES;
				GCC_WARN_UNINITIALIZED_AUTOS = YES_AGGRESSIVE;
				GCC_WARN_UNUSED_FUNCTION = YES;
				GCC_WARN_UNUSED_VARIABLE = YES;
				IPHONEOS_DEPLOYMENT_TARGET = 7.0;
				MTL_ENABLE_DEBUG_INFO = NO;
				SDKROOT = iphoneos;
				VALIDATE_PRODUCT = YES;
			};
			name = Release;
		};
		B93B1CA11BEDC7D8009C86FA /* Debug */ = {
			isa = XCBuildConfiguration;
			buildSettings = {
				ASSETCATALOG_COMPILER_APPICON_NAME = AppIcon;
				CODE_SIGN_IDENTITY = "iPhone Developer";
				INFOPLIST_FILE = JS_OC/Info.plist;
				LD_RUNPATH_SEARCH_PATHS = "$(inherited) @executable_path/Frameworks";
				PRODUCT_BUNDLE_IDENTIFIER = "com.halley.JS-OC";
				PRODUCT_NAME = "$(TARGET_NAME)";
			};
			name = Debug;
		};
		B93B1CA21BEDC7D8009C86FA /* Release */ = {
			isa = XCBuildConfiguration;
			buildSettings = {
				ASSETCATALOG_COMPILER_APPICON_NAME = AppIcon;
				CODE_SIGN_IDENTITY = "iPhone Developer";
				INFOPLIST_FILE = JS_OC/Info.plist;
				LD_RUNPATH_SEARCH_PATHS = "$(inherited) @executable_path/Frameworks";
				PRODUCT_BUNDLE_IDENTIFIER = "com.halley.JS-OC";
				PRODUCT_NAME = "$(TARGET_NAME)";
			};
			name = Release;
		};
/* End XCBuildConfiguration section */

/* Begin XCConfigurationList section */
		B93B1C841BEDC7D7009C86FA /* Build configuration list for PBXProject "JS_OC" */ = {
			isa = XCConfigurationList;
			buildConfigurations = (
				B93B1C9E1BEDC7D8009C86FA /* Debug */,
				B93B1C9F1BEDC7D8009C86FA /* Release */,
			);
			defaultConfigurationIsVisible = 0;
			defaultConfigurationName = Release;
		};
		B93B1CA01BEDC7D8009C86FA /* Build configuration list for PBXNativeTarget "JS_OC" */ = {
			isa = XCConfigurationList;
			buildConfigurations = (
				B93B1CA11BEDC7D8009C86FA /* Debug */,
				B93B1CA21BEDC7D8009C86FA /* Release */,
			);
			defaultConfigurationIsVisible = 0;
			defaultConfigurationName = Release;
		};
/* End XCConfigurationList section */
	};
	rootObject = B93B1C811BEDC7D7009C86FA /* Project object */;
}
